
Microsoft Visual Studio Solution File, Format Version 12.00
# Visual Studio 15
VisualStudioVersion = 15.0.28307.271
MinimumVisualStudioVersion = 10.0.40219.1
Project("{FAE04EC0-301F-11D3-BF4B-00C04F79EFBC}") = "Day2", "Solution\Day2.csproj", "{AAC90F6B-9D42-4D8E-AAB3-4082BC37A0AA}"
EndProject
Project("{FAE04EC0-301F-11D3-BF4B-00C04F79EFBC}") = "Day3_Conditions", "Day3\Day3_Conditions.csproj", "{28BD25E0-8890-43DD-AD63-AA3D31C92DB1}"
EndProject
Project("{FAE04EC0-301F-11D3-BF4B-00C04F79EFBC}") = "Day4_Class_and_Instance", "Day4_Class_and_Instance\Day4_Class_and_Instance.csproj", "{AAD85BE3-BFF9-41E4-ADD3-F32F01610259}"
EndProject
Global
	GlobalSection(SolutionConfigurationPlatforms) = preSolution
		Debug|Any CPU = Debug|Any CPU
		Release|Any CPU = Release|Any CPU
	EndGlobalSection
	GlobalSection(ProjectConfigurationPlatforms) = postSolution
		{AAC90F6B-9D42-4D8E-AAB3-4082BC37A0AA}.Debug|Any CPU.ActiveCfg = Debug|Any CPU
		{AAC90F6B-9D42-4D8E-AAB3-4082BC37A0AA}.Debug|Any CPU.Build.0 = Debug|Any CPU
		{AAC90F6B-9D42-4D8E-AAB3-4082BC37A0AA}.Release|Any CPU.ActiveCfg = Release|Any CPU
		{AAC90F6B-9D42-4D8E-AAB3-4082BC37A0AA}.Release|Any CPU.Build.0 = Release|Any CPU
		{28BD25E0-8890-43DD-AD63-AA3D31C92DB1}.Debug|Any CPU.ActiveCfg = Debug|Any CPU
		{28BD25E0-8890-43DD-AD63-AA3D31C92DB1}.Debug|Any CPU.Build.0 = Debug|Any CPU
		{28BD25E0-8890-43DD-AD63-AA3D31C92DB1}.Release|Any CPU.ActiveCfg = Release|Any CPU
		{28BD25E0-8890-43DD-AD63-AA3D31C92DB1}.Release|Any CPU.Build.0 = Release|Any CPU
		{AAD85BE3-BFF9-41E4-ADD3-F32F01610259}.Debug|Any CPU.ActiveCfg = Debug|Any CPU
		{AAD85BE3-BFF9-41E4-ADD3-F32F01610259}.Debug|Any CPU.Build.0 = Debug|Any CPU
		{AAD85BE3-BFF9-41E4-ADD3-F32F01610259}.Release|Any CPU.ActiveCfg = Release|Any CPU
		{AAD85BE3-BFF9-41E4-ADD3-F32F01610259}.Release|Any CPU.Build.0 = Release|Any CPU
	EndGlobalSection
	GlobalSection(SolutionProperties) = preSolution
		HideSolutionNode = FALSE
	EndGlobalSection
	GlobalSection(ExtensibilityGlobals) = postSolution
		SolutionGuid = {9C2E4A58-7811-4C44-9FAE-6EA5703885A0}
	EndGlobalSection
EndGlobal
